// !$*UTF8*$!
{
	archiveVersion = 1;
	classes = {
	};
	objectVersion = 56;
	objects = {

/* Begin PBXBuildFile section */
		70167F5E2A236063009BA6B0 /* MyBudgetApp.swift in Sources */ = {isa = PBXBuildFile; fileRef = 70167F5D2A236063009BA6B0 /* MyBudgetApp.swift */; };
		70167F602A236063009BA6B0 /* ContentView.swift in Sources */ = {isa = PBXBuildFile; fileRef = 70167F5F2A236063009BA6B0 /* ContentView.swift */; };
		70167F622A236064009BA6B0 /* Assets.xcassets in Resources */ = {isa = PBXBuildFile; fileRef = 70167F612A236064009BA6B0 /* Assets.xcassets */; };
		70167F652A236064009BA6B0 /* Preview Assets.xcassets in Resources */ = {isa = PBXBuildFile; fileRef = 70167F642A236064009BA6B0 /* Preview Assets.xcassets */; };
		70167F672A236064009BA6B0 /* Persistence.swift in Sources */ = {isa = PBXBuildFile; fileRef = 70167F662A236064009BA6B0 /* Persistence.swift */; };
		70167F6A2A236064009BA6B0 /* MyBudget.xcdatamodeld in Sources */ = {isa = PBXBuildFile; fileRef = 70167F682A236064009BA6B0 /* MyBudget.xcdatamodeld */; };
		7017602C2B2DE82000187F6B /* IncomeOnboardingView.swift in Sources */ = {isa = PBXBuildFile; fileRef = 7017602B2B2DE82000187F6B /* IncomeOnboardingView.swift */; };
		7017602E2B2DE83200187F6B /* BudgetOnboardingView.swift in Sources */ = {isa = PBXBuildFile; fileRef = 7017602D2B2DE83200187F6B /* BudgetOnboardingView.swift */; };
		701760302B2DE86E00187F6B /* AddExpenseView.swift in Sources */ = {isa = PBXBuildFile; fileRef = 7017602F2B2DE86E00187F6B /* AddExpenseView.swift */; };
		701760322B2DEA1000187F6B /* FinancialData.swift in Sources */ = {isa = PBXBuildFile; fileRef = 701760312B2DEA1000187F6B /* FinancialData.swift */; };
		701760342B2E05A800187F6B /* Expense.swift in Sources */ = {isa = PBXBuildFile; fileRef = 701760332B2E05A800187F6B /* Expense.swift */; };
		701760362B2E19C500187F6B /* ExpensesView.swift in Sources */ = {isa = PBXBuildFile; fileRef = 701760352B2E19C500187F6B /* ExpensesView.swift */; };
		70976FD52A9A6D780014EF3E /* ExpenseViewModel.swift in Sources */ = {isa = PBXBuildFile; fileRef = 70976FD42A9A6D780014EF3E /* ExpenseViewModel.swift */; };
		70EEB8BF2A8803F500A19DF9 /* PlusJakartaSans-Bold.ttf in Resources */ = {isa = PBXBuildFile; fileRef = 70EEB8BD2A87FCA300A19DF9 /* PlusJakartaSans-Bold.ttf */; };
		70EEB8C12A8803F500A19DF9 /* PlusJakartaSans-SemiBold.ttf in Resources */ = {isa = PBXBuildFile; fileRef = 70EEB8BC2A87FCA300A19DF9 /* PlusJakartaSans-SemiBold.ttf */; };
		70EEB8C32A8806B900A19DF9 /* PlusJakartaSans-Medium.ttf in Resources */ = {isa = PBXBuildFile; fileRef = 70EEB8C22A88069300A19DF9 /* PlusJakartaSans-Medium.ttf */; };
/* End PBXBuildFile section */

/* Begin PBXFileReference section */
		70167F5A2A236063009BA6B0 /* MyBudget.app */ = {isa = PBXFileReference; explicitFileType = wrapper.application; includeInIndex = 0; path = MyBudget.app; sourceTree = BUILT_PRODUCTS_DIR; };
		70167F5D2A236063009BA6B0 /* MyBudgetApp.swift */ = {isa = PBXFileReference; lastKnownFileType = sourcecode.swift; path = MyBudgetApp.swift; sourceTree = "<group>"; };
		70167F5F2A236063009BA6B0 /* ContentView.swift */ = {isa = PBXFileReference; lastKnownFileType = sourcecode.swift; path = ContentView.swift; sourceTree = "<group>"; };
		70167F612A236064009BA6B0 /* Assets.xcassets */ = {isa = PBXFileReference; lastKnownFileType = folder.assetcatalog; path = Assets.xcassets; sourceTree = "<group>"; };
		70167F642A236064009BA6B0 /* Preview Assets.xcassets */ = {isa = PBXFileReference; lastKnownFileType = folder.assetcatalog; path = "Preview Assets.xcassets"; sourceTree = "<group>"; };
		70167F662A236064009BA6B0 /* Persistence.swift */ = {isa = PBXFileReference; lastKnownFileType = sourcecode.swift; path = Persistence.swift; sourceTree = "<group>"; };
		70167F692A236064009BA6B0 /* MyBudget.xcdatamodel */ = {isa = PBXFileReference; lastKnownFileType = wrapper.xcdatamodel; path = MyBudget.xcdatamodel; sourceTree = "<group>"; };
		7017602B2B2DE82000187F6B /* IncomeOnboardingView.swift */ = {isa = PBXFileReference; lastKnownFileType = sourcecode.swift; path = IncomeOnboardingView.swift; sourceTree = "<group>"; };
		7017602D2B2DE83200187F6B /* BudgetOnboardingView.swift */ = {isa = PBXFileReference; lastKnownFileType = sourcecode.swift; path = BudgetOnboardingView.swift; sourceTree = "<group>"; };
		7017602F2B2DE86E00187F6B /* AddExpenseView.swift */ = {isa = PBXFileReference; lastKnownFileType = sourcecode.swift; path = AddExpenseView.swift; sourceTree = "<group>"; };
		701760312B2DEA1000187F6B /* FinancialData.swift */ = {isa = PBXFileReference; lastKnownFileType = sourcecode.swift; path = FinancialData.swift; sourceTree = "<group>"; };
		701760332B2E05A800187F6B /* Expense.swift */ = {isa = PBXFileReference; lastKnownFileType = sourcecode.swift; path = Expense.swift; sourceTree = "<group>"; };
		701760352B2E19C500187F6B /* ExpensesView.swift */ = {isa = PBXFileReference; lastKnownFileType = sourcecode.swift; path = ExpensesView.swift; sourceTree = "<group>"; };
		70976FD42A9A6D780014EF3E /* ExpenseViewModel.swift */ = {isa = PBXFileReference; lastKnownFileType = sourcecode.swift; path = ExpenseViewModel.swift; sourceTree = "<group>"; };
		70EEB8BB2A87FCA300A19DF9 /* PlusJakartaSans-Regular.ttf */ = {isa = PBXFileReference; lastKnownFileType = file; path = "PlusJakartaSans-Regular.ttf"; sourceTree = "<group>"; };
		70EEB8BC2A87FCA300A19DF9 /* PlusJakartaSans-SemiBold.ttf */ = {isa = PBXFileReference; lastKnownFileType = file; path = "PlusJakartaSans-SemiBold.ttf"; sourceTree = "<group>"; };
		70EEB8BD2A87FCA300A19DF9 /* PlusJakartaSans-Bold.ttf */ = {isa = PBXFileReference; lastKnownFileType = file; path = "PlusJakartaSans-Bold.ttf"; sourceTree = "<group>"; };
		70EEB8BE2A87FCF100A19DF9 /* Info.plist */ = {isa = PBXFileReference; lastKnownFileType = text.plist; path = Info.plist; sourceTree = "<group>"; };
		70EEB8C22A88069300A19DF9 /* PlusJakartaSans-Medium.ttf */ = {isa = PBXFileReference; lastKnownFileType = file; path = "PlusJakartaSans-Medium.ttf"; sourceTree = "<group>"; };
/* End PBXFileReference section */

/* Begin PBXFrameworksBuildPhase section */
		70167F572A236063009BA6B0 /* Frameworks */ = {
			isa = PBXFrameworksBuildPhase;
			buildActionMask = 2147483647;
			files = (
			);
			runOnlyForDeploymentPostprocessing = 0;
		};
/* End PBXFrameworksBuildPhase section */

/* Begin PBXGroup section */
		70167F512A236063009BA6B0 = {
			isa = PBXGroup;
			children = (
				70167F5C2A236063009BA6B0 /* MyBudget */,
				70167F5B2A236063009BA6B0 /* Products */,
			);
			sourceTree = "<group>";
		};
		70167F5B2A236063009BA6B0 /* Products */ = {
			isa = PBXGroup;
			children = (
				70167F5A2A236063009BA6B0 /* MyBudget.app */,
			);
			name = Products;
			sourceTree = "<group>";
		};
		70167F5C2A236063009BA6B0 /* MyBudget */ = {
			isa = PBXGroup;
			children = (
				707D263B2A97973700BA5B6C /* Model */,
				707D263C2A97974B00BA5B6C /* View */,
				707D263D2A97975B00BA5B6C /* ViewModel */,
				70EEB8BE2A87FCF100A19DF9 /* Info.plist */,
				70167F5D2A236063009BA6B0 /* MyBudgetApp.swift */,
				70167F5F2A236063009BA6B0 /* ContentView.swift */,
				70EEB8BD2A87FCA300A19DF9 /* PlusJakartaSans-Bold.ttf */,
				70EEB8BB2A87FCA300A19DF9 /* PlusJakartaSans-Regular.ttf */,
				70EEB8BC2A87FCA300A19DF9 /* PlusJakartaSans-SemiBold.ttf */,
				70EEB8C22A88069300A19DF9 /* PlusJakartaSans-Medium.ttf */,
				70167F612A236064009BA6B0 /* Assets.xcassets */,
				70167F662A236064009BA6B0 /* Persistence.swift */,
				70167F682A236064009BA6B0 /* MyBudget.xcdatamodeld */,
				70167F632A236064009BA6B0 /* Preview Content */,
			);
			path = MyBudget;
			sourceTree = "<group>";
		};
		70167F632A236064009BA6B0 /* Preview Content */ = {
			isa = PBXGroup;
			children = (
				70167F642A236064009BA6B0 /* Preview Assets.xcassets */,
			);
			path = "Preview Content";
			sourceTree = "<group>";
		};
		707D263B2A97973700BA5B6C /* Model */ = {
			isa = PBXGroup;
			children = (
				701760312B2DEA1000187F6B /* FinancialData.swift */,
				701760332B2E05A800187F6B /* Expense.swift */,
			);
			path = Model;
			sourceTree = "<group>";
		};
		707D263C2A97974B00BA5B6C /* View */ = {
			isa = PBXGroup;
			children = (
				7017602B2B2DE82000187F6B /* IncomeOnboardingView.swift */,
				7017602D2B2DE83200187F6B /* BudgetOnboardingView.swift */,
				7017602F2B2DE86E00187F6B /* AddExpenseView.swift */,
				701760352B2E19C500187F6B /* ExpensesView.swift */,
			);
			path = View;
			sourceTree = "<group>";
		};
		707D263D2A97975B00BA5B6C /* ViewModel */ = {
			isa = PBXGroup;
			children = (
				70976FD42A9A6D780014EF3E /* ExpenseViewModel.swift */,
			);
			path = ViewModel;
			sourceTree = "<group>";
		};
/* End PBXGroup section */

/* Begin PBXNativeTarget section */
		70167F592A236063009BA6B0 /* MyBudget */ = {
			isa = PBXNativeTarget;
			buildConfigurationList = 70167F6D2A236064009BA6B0 /* Build configuration list for PBXNativeTarget "MyBudget" */;
			buildPhases = (
				70167F562A236063009BA6B0 /* Sources */,
				70167F572A236063009BA6B0 /* Frameworks */,
				70167F582A236063009BA6B0 /* Resources */,
			);
			buildRules = (
			);
			dependencies = (
			);
			name = MyBudget;
			productName = MyBudget;
			productReference = 70167F5A2A236063009BA6B0 /* MyBudget.app */;
			productType = "com.apple.product-type.application";
		};
/* End PBXNativeTarget section */

/* Begin PBXProject section */
		70167F522A236063009BA6B0 /* Project object */ = {
			isa = PBXProject;
			attributes = {
				BuildIndependentTargetsInParallel = 1;
				LastSwiftUpdateCheck = 1420;
				LastUpgradeCheck = 1420;
				TargetAttributes = {
					70167F592A236063009BA6B0 = {
						CreatedOnToolsVersion = 14.2;
					};
				};
			};
			buildConfigurationList = 70167F552A236063009BA6B0 /* Build configuration list for PBXProject "MyBudget" */;
			compatibilityVersion = "Xcode 14.0";
			developmentRegion = en;
			hasScannedForEncodings = 0;
			knownRegions = (
				en,
				Base,
			);
			mainGroup = 70167F512A236063009BA6B0;
			productRefGroup = 70167F5B2A236063009BA6B0 /* Products */;
			projectDirPath = "";
			projectRoot = "";
			targets = (
				70167F592A236063009BA6B0 /* MyBudget */,
			);
		};
/* End PBXProject section */

/* Begin PBXResourcesBuildPhase section */
		70167F582A236063009BA6B0 /* Resources */ = {
			isa = PBXResourcesBuildPhase;
			buildActionMask = 2147483647;
			files = (
				70EEB8C32A8806B900A19DF9 /* PlusJakartaSans-Medium.ttf in Resources */,
				70EEB8BF2A8803F500A19DF9 /* PlusJakartaSans-Bold.ttf in Resources */,
				70EEB8C12A8803F500A19DF9 /* PlusJakartaSans-SemiBold.ttf in Resources */,
				70167F652A236064009BA6B0 /* Preview Assets.xcassets in Resources */,
				70167F622A236064009BA6B0 /* Assets.xcassets in Resources */,
			);
			runOnlyForDeploymentPostprocessing = 0;
		};
/* End PBXResourcesBuildPhase section */

/* Begin PBXSourcesBuildPhase section */
		70167F562A236063009BA6B0 /* Sources */ = {
			isa = PBXSourcesBuildPhase;
			buildActionMask = 2147483647;
			files = (
				70167F672A236064009BA6B0 /* Persistence.swift in Sources */,
				7017602E2B2DE83200187F6B /* BudgetOnboardingView.swift in Sources */,
				70167F602A236063009BA6B0 /* ContentView.swift in Sources */,
				701760302B2DE86E00187F6B /* AddExpenseView.swift in Sources */,
				701760342B2E05A800187F6B /* Expense.swift in Sources */,
				7017602C2B2DE82000187F6B /* IncomeOnboardingView.swift in Sources */,
				70167F6A2A236064009BA6B0 /* MyBudget.xcdatamodeld in Sources */,
				701760362B2E19C500187F6B /* ExpensesView.swift in Sources */,
				70976FD52A9A6D780014EF3E /* ExpenseViewModel.swift in Sources */,
				70167F5E2A236063009BA6B0 /* MyBudgetApp.swift in Sources */,
				701760322B2DEA1000187F6B /* FinancialData.swift in Sources */,
			);
			runOnlyForDeploymentPostprocessing = 0;
		};
/* End PBXSourcesBuildPhase section */

/* Begin XCBuildConfiguration section */
		70167F6B2A236064009BA6B0 /* Debug */ = {
			isa = XCBuildConfiguration;
			buildSettings = {
				ALWAYS_SEARCH_USER_PATHS = NO;
				CLANG_ANALYZER_NONNULL = YES;
				CLANG_ANALYZER_NUMBER_OBJECT_CONVERSION = YES_AGGRESSIVE;
				CLANG_CXX_LANGUAGE_STANDARD = "gnu++20";
				CLANG_ENABLE_MODULES = YES;
				CLANG_ENABLE_OBJC_ARC = YES;
				CLANG_ENABLE_OBJC_WEAK = YES;
				CLANG_WARN_BLOCK_CAPTURE_AUTORELEASING = YES;
				CLANG_WARN_BOOL_CONVERSION = YES;
				CLANG_WARN_COMMA = YES;
				CLANG_WARN_CONSTANT_CONVERSION = YES;
				CLANG_WARN_DEPRECATED_OBJC_IMPLEMENTATIONS = YES;
				CLANG_WARN_DIRECT_OBJC_ISA_USAGE = YES_ERROR;
				CLANG_WARN_DOCUMENTATION_COMMENTS = YES;
				CLANG_WARN_EMPTY_BODY = YES;
				CLANG_WARN_ENUM_CONVERSION = YES;
				CLANG_WARN_INFINITE_RECURSION = YES;
				CLANG_WARN_INT_CONVERSION = YES;
				CLANG_WARN_NON_LITERAL_NULL_CONVERSION = YES;
				CLANG_WARN_OBJC_IMPLICIT_RETAIN_SELF = YES;
				CLANG_WARN_OBJC_LITERAL_CONVERSION = YES;
				CLANG_WARN_OBJC_ROOT_CLASS = YES_ERROR;
				CLANG_WARN_QUOTED_INCLUDE_IN_FRAMEWORK_HEADER = YES;
				CLANG_WARN_RANGE_LOOP_ANALYSIS = YES;
				CLANG_WARN_STRICT_PROTOTYPES = YES;
				CLANG_WARN_SUSPICIOUS_MOVE = YES;
				CLANG_WARN_UNGUARDED_AVAILABILITY = YES_AGGRESSIVE;
				CLANG_WARN_UNREACHABLE_CODE = YES;
				CLANG_WARN__DUPLICATE_METHOD_MATCH = YES;
				COPY_PHASE_STRIP = NO;
				DEBUG_INFORMATION_FORMAT = dwarf;
				ENABLE_STRICT_OBJC_MSGSEND = YES;
				ENABLE_TESTABILITY = YES;
				GCC_C_LANGUAGE_STANDARD = gnu11;
				GCC_DYNAMIC_NO_PIC = NO;
				GCC_NO_COMMON_BLOCKS = YES;
				GCC_OPTIMIZATION_LEVEL = 0;
				GCC_PREPROCESSOR_DEFINITIONS = (
					"DEBUG=1",
					"$(inherited)",
				);
				GCC_WARN_64_TO_32_BIT_CONVERSION = YES;
				GCC_WARN_ABOUT_RETURN_TYPE = YES_ERROR;
				GCC_WARN_UNDECLARED_SELECTOR = YES;
				GCC_WARN_UNINITIALIZED_AUTOS = YES_AGGRESSIVE;
				GCC_WARN_UNUSED_FUNCTION = YES;
				GCC_WARN_UNUSED_VARIABLE = YES;
				IPHONEOS_DEPLOYMENT_TARGET = 16.2;
				MTL_ENABLE_DEBUG_INFO = INCLUDE_SOURCE;
				MTL_FAST_MATH = YES;
				ONLY_ACTIVE_ARCH = YES;
				SDKROOT = iphoneos;
				SWIFT_ACTIVE_COMPILATION_CONDITIONS = DEBUG;
				SWIFT_OPTIMIZATION_LEVEL = "-Onone";
			};
			name = Debug;
		};
		70167F6C2A236064009BA6B0 /* Release */ = {
			isa = XCBuildConfiguration;
			buildSettings = {
				ALWAYS_SEARCH_USER_PATHS = NO;
				CLANG_ANALYZER_NONNULL = YES;
				CLANG_ANALYZER_NUMBER_OBJECT_CONVERSION = YES_AGGRESSIVE;
				CLANG_CXX_LANGUAGE_STANDARD = "gnu++20";
				CLANG_ENABLE_MODULES = YES;
				CLANG_ENABLE_OBJC_ARC = YES;
				CLANG_ENABLE_OBJC_WEAK = YES;
				CLANG_WARN_BLOCK_CAPTURE_AUTORELEASING = YES;
				CLANG_WARN_BOOL_CONVERSION = YES;
				CLANG_WARN_COMMA = YES;
				CLANG_WARN_CONSTANT_CONVERSION = YES;
				CLANG_WARN_DEPRECATED_OBJC_IMPLEMENTATIONS = YES;
				CLANG_WARN_DIRECT_OBJC_ISA_USAGE = YES_ERROR;
				CLANG_WARN_DOCUMENTATION_COMMENTS = YES;
				CLANG_WARN_EMPTY_BODY = YES;
				CLANG_WARN_ENUM_CONVERSION = YES;
				CLANG_WARN_INFINITE_RECURSION = YES;
				CLANG_WARN_INT_CONVERSION = YES;
				CLANG_WARN_NON_LITERAL_NULL_CONVERSION = YES;
				CLANG_WARN_OBJC_IMPLICIT_RETAIN_SELF = YES;
				CLANG_WARN_OBJC_LITERAL_CONVERSION = YES;
				CLANG_WARN_OBJC_ROOT_CLASS = YES_ERROR;
				CLANG_WARN_QUOTED_INCLUDE_IN_FRAMEWORK_HEADER = YES;
				CLANG_WARN_RANGE_LOOP_ANALYSIS = YES;
				CLANG_WARN_STRICT_PROTOTYPES = YES;
				CLANG_WARN_SUSPICIOUS_MOVE = YES;
				CLANG_WARN_UNGUARDED_AVAILABILITY = YES_AGGRESSIVE;
				CLANG_WARN_UNREACHABLE_CODE = YES;
				CLANG_WARN__DUPLICATE_METHOD_MATCH = YES;
				COPY_PHASE_STRIP = NO;
				DEBUG_INFORMATION_FORMAT = "dwarf-with-dsym";
				ENABLE_NS_ASSERTIONS = NO;
				ENABLE_STRICT_OBJC_MSGSEND = YES;
				GCC_C_LANGUAGE_STANDARD = gnu11;
				GCC_NO_COMMON_BLOCKS = YES;
				GCC_WARN_64_TO_32_BIT_CONVERSION = YES;
				GCC_WARN_ABOUT_RETURN_TYPE = YES_ERROR;
				GCC_WARN_UNDECLARED_SELECTOR = YES;
				GCC_WARN_UNINITIALIZED_AUTOS = YES_AGGRESSIVE;
				GCC_WARN_UNUSED_FUNCTION = YES;
				GCC_WARN_UNUSED_VARIABLE = YES;
				IPHONEOS_DEPLOYMENT_TARGET = 16.2;
				MTL_ENABLE_DEBUG_INFO = NO;
				MTL_FAST_MATH = YES;
				SDKROOT = iphoneos;
				SWIFT_COMPILATION_MODE = wholemodule;
				SWIFT_OPTIMIZATION_LEVEL = "-O";
				VALIDATE_PRODUCT = YES;
			};
			name = Release;
		};
		70167F6E2A236064009BA6B0 /* Debug */ = {
			isa = XCBuildConfiguration;
			buildSettings = {
				ASSETCATALOG_COMPILER_APPICON_NAME = AppIcon;
				ASSETCATALOG_COMPILER_GLOBAL_ACCENT_COLOR_NAME = AccentColor;
				CODE_SIGN_STYLE = Automatic;
				CURRENT_PROJECT_VERSION = 1;
				DEVELOPMENT_ASSET_PATHS = "\"MyBudget/Preview Content\"";
				DEVELOPMENT_TEAM = Q4B986UT2C;
				ENABLE_PREVIEWS = YES;
				GENERATE_INFOPLIST_FILE = YES;
				INFOPLIST_FILE = MyBudget/Info.plist;
				INFOPLIST_KEY_UIApplicationSceneManifest_Generation = YES;
				INFOPLIST_KEY_UIApplicationSupportsIndirectInputEvents = YES;
				INFOPLIST_KEY_UILaunchScreen_Generation = YES;
				INFOPLIST_KEY_UISupportedInterfaceOrientations_iPad = "UIInterfaceOrientationPortrait UIInterfaceOrientationPortraitUpsideDown UIInterfaceOrientationLandscapeLeft UIInterfaceOrientationLandscapeRight";
				INFOPLIST_KEY_UISupportedInterfaceOrientations_iPhone = "UIInterfaceOrientationPortrait UIInterfaceOrientationLandscapeLeft UIInterfaceOrientationLandscapeRight";
				IPHONEOS_DEPLOYMENT_TARGET = 17.0;
				LD_RUNPATH_SEARCH_PATHS = (
					"$(inherited)",
					"@executable_path/Frameworks",
				);
				MARKETING_VERSION = 1.0;
				PRODUCT_BUNDLE_IDENTIFIER = "-.MyBudget";
				PRODUCT_NAME = "$(TARGET_NAME)";
				SWIFT_EMIT_LOC_STRINGS = YES;
				SWIFT_VERSION = 5.0;
				TARGETED_DEVICE_FAMILY = "1,2";
			};
			name = Debug;
		};
		70167F6F2A236064009BA6B0 /* Release */ = {
			isa = XCBuildConfiguration;
			buildSettings = {
				ASSETCATALOG_COMPILER_APPICON_NAME = AppIcon;
				ASSETCATALOG_COMPILER_GLOBAL_ACCENT_COLOR_NAME = AccentColor;
				CODE_SIGN_STYLE = Automatic;
				CURRENT_PROJECT_VERSION = 1;
				DEVELOPMENT_ASSET_PATHS = "\"MyBudget/Preview Content\"";
				DEVELOPMENT_TEAM = Q4B986UT2C;
				ENABLE_PREVIEWS = YES;
				GENERATE_INFOPLIST_FILE = YES;
				INFOPLIST_FILE = MyBudget/Info.plist;
				INFOPLIST_KEY_UIApplicationSceneManifest_Generation = YES;
				INFOPLIST_KEY_UIApplicationSupportsIndirectInputEvents = YES;
				INFOPLIST_KEY_UILaunchScreen_Generation = YES;
				INFOPLIST_KEY_UISupportedInterfaceOrientations_iPad = "UIInterfaceOrientationPortrait UIInterfaceOrientationPortraitUpsideDown UIInterfaceOrientationLandscapeLeft UIInterfaceOrientationLandscapeRight";
				INFOPLIST_KEY_UISupportedInterfaceOrientations_iPhone = "UIInterfaceOrientationPortrait UIInterfaceOrientationLandscapeLeft UIInterfaceOrientationLandscapeRight";
				IPHONEOS_DEPLOYMENT_TARGET = 17.0;
				LD_RUNPATH_SEARCH_PATHS = (
					"$(inherited)",
					"@executable_path/Frameworks",
				);
				MARKETING_VERSION = 1.0;
				PRODUCT_BUNDLE_IDENTIFIER = "-.MyBudget";
				PRODUCT_NAME = "$(TARGET_NAME)";
				SWIFT_EMIT_LOC_STRINGS = YES;
				SWIFT_VERSION = 5.0;
				TARGETED_DEVICE_FAMILY = "1,2";
			};
			name = Release;
		};
/* End XCBuildConfiguration section */

/* Begin XCConfigurationList section */
		70167F552A236063009BA6B0 /* Build configuration list for PBXProject "MyBudget" */ = {
			isa = XCConfigurationList;
			buildConfigurations = (
				70167F6B2A236064009BA6B0 /* Debug */,
				70167F6C2A236064009BA6B0 /* Release */,
			);
			defaultConfigurationIsVisible = 0;
			defaultConfigurationName = Release;
		};
		70167F6D2A236064009BA6B0 /* Build configuration list for PBXNativeTarget "MyBudget" */ = {
			isa = XCConfigurationList;
			buildConfigurations = (
				70167F6E2A236064009BA6B0 /* Debug */,
				70167F6F2A236064009BA6B0 /* Release */,
			);
			defaultConfigurationIsVisible = 0;
			defaultConfigurationName = Release;
		};
/* End XCConfigurationList section */

/* Begin XCVersionGroup section */
		70167F682A236064009BA6B0 /* MyBudget.xcdatamodeld */ = {
			isa = XCVersionGroup;
			children = (
				70167F692A236064009BA6B0 /* MyBudget.xcdatamodel */,
			);
			currentVersion = 70167F692A236064009BA6B0 /* MyBudget.xcdatamodel */;
			path = MyBudget.xcdatamodeld;
			sourceTree = "<group>";
			versionGroupType = wrapper.xcdatamodel;
		};
/* End XCVersionGroup section */
	};
	rootObject = 70167F522A236063009BA6B0 /* Project object */;
}
